
Microsoft Visual Studio Solution File, Format Version 12.00
# Visual Studio Version 16
VisualStudioVersion = 16.0.36128.20
MinimumVisualStudioVersion = 10.0.40219.1
Project("{FAE04EC0-301F-11D3-BF4B-00C04F79EFBC}") = "Циклы", "Циклы\Циклы.csproj", "{60287AA4-1804-43D7-A733-99BAB1D075FB}"
EndProject
Global
	GlobalSection(SolutionConfigurationPlatforms) = preSolution
		Debug|Any CPU = Debug|Any CPU
		Release|Any CPU = Release|Any CPU
	EndGlobalSection
	GlobalSection(ProjectConfigurationPlatforms) = postSolution
		{60287AA4-1804-43D7-A733-99BAB1D075FB}.Debug|Any CPU.ActiveCfg = Debug|Any CPU
		{60287AA4-1804-43D7-A733-99BAB1D075FB}.Debug|Any CPU.Build.0 = Debug|Any CPU
		{60287AA4-1804-43D7-A733-99BAB1D075FB}.Release|Any CPU.ActiveCfg = Release|Any CPU
		{60287AA4-1804-43D7-A733-99BAB1D075FB}.Release|Any CPU.Build.0 = Release|Any CPU
	EndGlobalSection
	GlobalSection(SolutionProperties) = preSolution
		HideSolutionNode = FALSE
	EndGlobalSection
	GlobalSection(ExtensibilityGlobals) = postSolution
		SolutionGuid = {98C2FE03-A577-4298-8C47-83C795916EB1}
	EndGlobalSection
EndGlobal
