
Microsoft Visual Studio Solution File, Format Version 12.00
# Visual Studio Version 16
VisualStudioVersion = 16.0.36128.20
MinimumVisualStudioVersion = 10.0.40219.1
Project("{FAE04EC0-301F-11D3-BF4B-00C04F79EFBC}") = "Логические операции", "Логические операции\Логические операции.csproj", "{1178AD1E-15A6-4490-9CD4-6CA547A0D80C}"
EndProject
Global
	GlobalSection(SolutionConfigurationPlatforms) = preSolution
		Debug|Any CPU = Debug|Any CPU
		Release|Any CPU = Release|Any CPU
	EndGlobalSection
	GlobalSection(ProjectConfigurationPlatforms) = postSolution
		{1178AD1E-15A6-4490-9CD4-6CA547A0D80C}.Debug|Any CPU.ActiveCfg = Debug|Any CPU
		{1178AD1E-15A6-4490-9CD4-6CA547A0D80C}.Debug|Any CPU.Build.0 = Debug|Any CPU
		{1178AD1E-15A6-4490-9CD4-6CA547A0D80C}.Release|Any CPU.ActiveCfg = Release|Any CPU
		{1178AD1E-15A6-4490-9CD4-6CA547A0D80C}.Release|Any CPU.Build.0 = Release|Any CPU
	EndGlobalSection
	GlobalSection(SolutionProperties) = preSolution
		HideSolutionNode = FALSE
	EndGlobalSection
	GlobalSection(ExtensibilityGlobals) = postSolution
		SolutionGuid = {F38DB793-9F0F-4FCA-81FD-A1C6280D2AB6}
	EndGlobalSection
EndGlobal
